
Microsoft Visual Studio Solution File, Format Version 12.00
# Visual Studio Version 17
VisualStudioVersion = 17.4.33205.214
MinimumVisualStudioVersion = 10.0.40219.1
Project("{888888A0-9F3D-457C-B088-3A5042F75D52}") = "kontrolitöö", "kontrolitöö\kontrolitöö.pyproj", "{130470DC-E2C8-4DCE-A78C-1AF852477216}"
EndProject
Global
	GlobalSection(SolutionConfigurationPlatforms) = preSolution
		Debug|Any CPU = Debug|Any CPU
		Release|Any CPU = Release|Any CPU
	EndGlobalSection
	GlobalSection(ProjectConfigurationPlatforms) = postSolution
		{130470DC-E2C8-4DCE-A78C-1AF852477216}.Debug|Any CPU.ActiveCfg = Debug|Any CPU
		{130470DC-E2C8-4DCE-A78C-1AF852477216}.Release|Any CPU.ActiveCfg = Release|Any CPU
	EndGlobalSection
	GlobalSection(SolutionProperties) = preSolution
		HideSolutionNode = FALSE
	EndGlobalSection
	GlobalSection(ExtensibilityGlobals) = postSolution
		SolutionGuid = {C9ED8B49-819A-42F0-997C-698BFD1A6B90}
	EndGlobalSection
EndGlobal
